
Microsoft Visual Studio Solution File, Format Version 12.00
# Visual Studio Version 17
VisualStudioVersion = 17.8.34525.116
MinimumVisualStudioVersion = 10.0.40219.1
Project("{9A19103F-16F7-4668-BE54-9A1E7A4F7556}") = "App.Core", "App.Core\App.Core.csproj", "{04E03D17-721B-4EB7-863C-8D0E0A12FA72}"
EndProject
Project("{9A19103F-16F7-4668-BE54-9A1E7A4F7556}") = "App.Cmd", "App.Cmd\App.Cmd.csproj", "{087719F3-E5C7-4EB9-9B26-28D8B2170BEC}"
EndProject
Project("{9A19103F-16F7-4668-BE54-9A1E7A4F7556}") = "WpfApp", "WpfApp\WpfApp.csproj", "{F73113F9-BA17-40D8-9F89-4A5EC3D9EA00}"
EndProject
Project("{2150E333-8FDC-42A3-9474-1A3956D46DE8}") = "UML-DOCS", "UML-DOCS", "{03939F2F-7210-443E-AF82-5C14D233CFDE}"
	ProjectSection(SolutionItems) = preProject
		\\.psf\Home\Downloads\Livrable 2 Louis JAGUENEAU Paul PESHCEL Nathan LORIT Julien DESPREZ\Diagramme cas utilisation.png = \\.psf\Home\Downloads\Livrable 2 Louis JAGUENEAU Paul PESHCEL Nathan LORIT Julien DESPREZ\Diagramme cas utilisation.png
		\\.psf\Home\Downloads\Livrable 2 Louis JAGUENEAU Paul PESHCEL Nathan LORIT Julien DESPREZ\Diagramme D'activit‚.png = \\.psf\Home\Downloads\Livrable 2 Louis JAGUENEAU Paul PESHCEL Nathan LORIT Julien DESPREZ\Diagramme D'activit‚.png
		\\.psf\Home\Downloads\Livrable 2 Louis JAGUENEAU Paul PESHCEL Nathan LORIT Julien DESPREZ\Diagramme de classe.png = \\.psf\Home\Downloads\Livrable 2 Louis JAGUENEAU Paul PESHCEL Nathan LORIT Julien DESPREZ\Diagramme de classe.png
		\\.psf\Home\Downloads\Livrable 2 Louis JAGUENEAU Paul PESHCEL Nathan LORIT Julien DESPREZ\Diagramme de s‚quence.png = \\.psf\Home\Downloads\Livrable 2 Louis JAGUENEAU Paul PESHCEL Nathan LORIT Julien DESPREZ\Diagramme de s‚quence.png
		\\.psf\Home\Downloads\Livrable 2 Louis JAGUENEAU Paul PESHCEL Nathan LORIT Julien DESPREZ\Livrable 2 EasySavez.pdf = \\.psf\Home\Downloads\Livrable 2 Louis JAGUENEAU Paul PESHCEL Nathan LORIT Julien DESPREZ\Livrable 2 EasySavez.pdf
	EndProjectSection
EndProject
Global
	GlobalSection(SolutionConfigurationPlatforms) = preSolution
		Debug|Any CPU = Debug|Any CPU
		Release|Any CPU = Release|Any CPU
	EndGlobalSection
	GlobalSection(ProjectConfigurationPlatforms) = postSolution
		{04E03D17-721B-4EB7-863C-8D0E0A12FA72}.Debug|Any CPU.ActiveCfg = Debug|Any CPU
		{04E03D17-721B-4EB7-863C-8D0E0A12FA72}.Debug|Any CPU.Build.0 = Debug|Any CPU
		{04E03D17-721B-4EB7-863C-8D0E0A12FA72}.Release|Any CPU.ActiveCfg = Release|Any CPU
		{04E03D17-721B-4EB7-863C-8D0E0A12FA72}.Release|Any CPU.Build.0 = Release|Any CPU
		{087719F3-E5C7-4EB9-9B26-28D8B2170BEC}.Debug|Any CPU.ActiveCfg = Debug|Any CPU
		{087719F3-E5C7-4EB9-9B26-28D8B2170BEC}.Debug|Any CPU.Build.0 = Debug|Any CPU
		{087719F3-E5C7-4EB9-9B26-28D8B2170BEC}.Release|Any CPU.ActiveCfg = Release|Any CPU
		{087719F3-E5C7-4EB9-9B26-28D8B2170BEC}.Release|Any CPU.Build.0 = Release|Any CPU
		{F73113F9-BA17-40D8-9F89-4A5EC3D9EA00}.Debug|Any CPU.ActiveCfg = Debug|Any CPU
		{F73113F9-BA17-40D8-9F89-4A5EC3D9EA00}.Debug|Any CPU.Build.0 = Debug|Any CPU
		{F73113F9-BA17-40D8-9F89-4A5EC3D9EA00}.Release|Any CPU.ActiveCfg = Release|Any CPU
		{F73113F9-BA17-40D8-9F89-4A5EC3D9EA00}.Release|Any CPU.Build.0 = Release|Any CPU
	EndGlobalSection
	GlobalSection(SolutionProperties) = preSolution
		HideSolutionNode = FALSE
	EndGlobalSection
	GlobalSection(ExtensibilityGlobals) = postSolution
		SolutionGuid = {378901C4-C8F8-4E15-9E47-6BCD41AC1B5D}
	EndGlobalSection
EndGlobal
